// !$*UTF8*$!
{
	archiveVersion = 1;
	classes = {
	};
	objectVersion = 46;
	objects = {

/* Begin PBXBuildFile section */
		F93F1D341A4A5A0C004E774A /* ToDoItem.m in Sources */ = {isa = PBXBuildFile; fileRef = F93F1D331A4A5A0C004E774A /* ToDoItem.m */; };
		F959C0251A4A21F300951044 /* AddToDoItemViewController.m in Sources */ = {isa = PBXBuildFile; fileRef = F959C0241A4A21F300951044 /* AddToDoItemViewController.m */; };
		F959C0281A4A229900951044 /* ToDoListTableViewController.m in Sources */ = {isa = PBXBuildFile; fileRef = F959C0271A4A229900951044 /* ToDoListTableViewController.m */; };
		F9752ABC1A49C79300523A8E /* main.m in Sources */ = {isa = PBXBuildFile; fileRef = F9752ABB1A49C79300523A8E /* main.m */; };
		F9752ABF1A49C79300523A8E /* AppDelegate.m in Sources */ = {isa = PBXBuildFile; fileRef = F9752ABE1A49C79300523A8E /* AppDelegate.m */; };
		F9752AC51A49C79300523A8E /* Main.storyboard in Resources */ = {isa = PBXBuildFile; fileRef = F9752AC31A49C79300523A8E /* Main.storyboard */; };
		F9752AC71A49C79300523A8E /* Images.xcassets in Resources */ = {isa = PBXBuildFile; fileRef = F9752AC61A49C79300523A8E /* Images.xcassets */; };
		F9752ACA1A49C79300523A8E /* LaunchScreen.xib in Resources */ = {isa = PBXBuildFile; fileRef = F9752AC81A49C79300523A8E /* LaunchScreen.xib */; };
		F9752AD61A49C79300523A8E /* ToDoListTests.m in Sources */ = {isa = PBXBuildFile; fileRef = F9752AD51A49C79300523A8E /* ToDoListTests.m */; };
/* End PBXBuildFile section */

/* Begin PBXContainerItemProxy section */
		F9752AD01A49C79300523A8E /* PBXContainerItemProxy */ = {
			isa = PBXContainerItemProxy;
			containerPortal = F9752AAE1A49C79300523A8E /* Project object */;
			proxyType = 1;
			remoteGlobalIDString = F9752AB51A49C79300523A8E;
			remoteInfo = ToDoList;
		};
/* End PBXContainerItemProxy section */

/* Begin PBXFileReference section */
		F93F1D321A4A5A0C004E774A /* ToDoItem.h */ = {isa = PBXFileReference; fileEncoding = 4; lastKnownFileType = sourcecode.c.h; path = ToDoItem.h; sourceTree = "<group>"; };
		F93F1D331A4A5A0C004E774A /* ToDoItem.m */ = {isa = PBXFileReference; fileEncoding = 4; lastKnownFileType = sourcecode.c.objc; path = ToDoItem.m; sourceTree = "<group>"; };
		F959C0231A4A21F300951044 /* AddToDoItemViewController.h */ = {isa = PBXFileReference; fileEncoding = 4; lastKnownFileType = sourcecode.c.h; path = AddToDoItemViewController.h; sourceTree = "<group>"; };
		F959C0241A4A21F300951044 /* AddToDoItemViewController.m */ = {isa = PBXFileReference; fileEncoding = 4; lastKnownFileType = sourcecode.c.objc; path = AddToDoItemViewController.m; sourceTree = "<group>"; };
		F959C0261A4A229900951044 /* ToDoListTableViewController.h */ = {isa = PBXFileReference; fileEncoding = 4; lastKnownFileType = sourcecode.c.h; path = ToDoListTableViewController.h; sourceTree = "<group>"; };
		F959C0271A4A229900951044 /* ToDoListTableViewController.m */ = {isa = PBXFileReference; fileEncoding = 4; lastKnownFileType = sourcecode.c.objc; path = ToDoListTableViewController.m; sourceTree = "<group>"; };
		F9752AB61A49C79300523A8E /* ToDoList.app */ = {isa = PBXFileReference; explicitFileType = wrapper.application; includeInIndex = 0; path = ToDoList.app; sourceTree = BUILT_PRODUCTS_DIR; };
		F9752ABA1A49C79300523A8E /* Info.plist */ = {isa = PBXFileReference; lastKnownFileType = text.plist.xml; path = Info.plist; sourceTree = "<group>"; };
		F9752ABB1A49C79300523A8E /* main.m */ = {isa = PBXFileReference; lastKnownFileType = sourcecode.c.objc; path = main.m; sourceTree = "<group>"; };
		F9752ABD1A49C79300523A8E /* AppDelegate.h */ = {isa = PBXFileReference; lastKnownFileType = sourcecode.c.h; path = AppDelegate.h; sourceTree = "<group>"; };
		F9752ABE1A49C79300523A8E /* AppDelegate.m */ = {isa = PBXFileReference; lastKnownFileType = sourcecode.c.objc; path = AppDelegate.m; sourceTree = "<group>"; };
		F9752AC41A49C79300523A8E /* Base */ = {isa = PBXFileReference; lastKnownFileType = file.storyboard; name = Base; path = Base.lproj/Main.storyboard; sourceTree = "<group>"; };
		F9752AC61A49C79300523A8E /* Images.xcassets */ = {isa = PBXFileReference; lastKnownFileType = folder.assetcatalog; path = Images.xcassets; sourceTree = "<group>"; };
		F9752AC91A49C79300523A8E /* Base */ = {isa = PBXFileReference; lastKnownFileType = file.xib; name = Base; path = Base.lproj/LaunchScreen.xib; sourceTree = "<group>"; };
		F9752ACF1A49C79300523A8E /* ToDoListTests.xctest */ = {isa = PBXFileReference; explicitFileType = wrapper.cfbundle; includeInIndex = 0; path = ToDoListTests.xctest; sourceTree = BUILT_PRODUCTS_DIR; };
		F9752AD41A49C79300523A8E /* Info.plist */ = {isa = PBXFileReference; lastKnownFileType = text.plist.xml; path = Info.plist; sourceTree = "<group>"; };
		F9752AD51A49C79300523A8E /* ToDoListTests.m */ = {isa = PBXFileReference; lastKnownFileType = sourcecode.c.objc; path = ToDoListTests.m; sourceTree = "<group>"; };
/* End PBXFileReference section */

/* Begin PBXFrameworksBuildPhase section */
		F9752AB31A49C79300523A8E /* Frameworks */ = {
			isa = PBXFrameworksBuildPhase;
			buildActionMask = 2147483647;
			files = (
			);
			runOnlyForDeploymentPostprocessing = 0;
		};
		F9752ACC1A49C79300523A8E /* Frameworks */ = {
			isa = PBXFrameworksBuildPhase;
			buildActionMask = 2147483647;
			files = (
			);
			runOnlyForDeploymentPostprocessing = 0;
		};
/* End PBXFrameworksBuildPhase section */

/* Begin PBXGroup section */
		F9752AAD1A49C79300523A8E = {
			isa = PBXGroup;
			children = (
				F9752AB81A49C79300523A8E /* ToDoList */,
				F9752AD21A49C79300523A8E /* ToDoListTests */,
				F9752AB71A49C79300523A8E /* Products */,
			);
			sourceTree = "<group>";
		};
		F9752AB71A49C79300523A8E /* Products */ = {
			isa = PBXGroup;
			children = (
				F9752AB61A49C79300523A8E /* ToDoList.app */,
				F9752ACF1A49C79300523A8E /* ToDoListTests.xctest */,
			);
			name = Products;
			sourceTree = "<group>";
		};
		F9752AB81A49C79300523A8E /* ToDoList */ = {
			isa = PBXGroup;
			children = (
				F959C0261A4A229900951044 /* ToDoListTableViewController.h */,
				F959C0271A4A229900951044 /* ToDoListTableViewController.m */,
				F959C0231A4A21F300951044 /* AddToDoItemViewController.h */,
				F959C0241A4A21F300951044 /* AddToDoItemViewController.m */,
				F93F1D321A4A5A0C004E774A /* ToDoItem.h */,
				F93F1D331A4A5A0C004E774A /* ToDoItem.m */,
				F9752AC31A49C79300523A8E /* Main.storyboard */,
				F9752AC61A49C79300523A8E /* Images.xcassets */,
				F9752AC81A49C79300523A8E /* LaunchScreen.xib */,
				F9752AB91A49C79300523A8E /* Supporting Files */,
			);
			path = ToDoList;
			sourceTree = "<group>";
		};
		F9752AB91A49C79300523A8E /* Supporting Files */ = {
			isa = PBXGroup;
			children = (
				F9752ABD1A49C79300523A8E /* AppDelegate.h */,
				F9752ABE1A49C79300523A8E /* AppDelegate.m */,
				F9752ABA1A49C79300523A8E /* Info.plist */,
				F9752ABB1A49C79300523A8E /* main.m */,
			);
			name = "Supporting Files";
			sourceTree = "<group>";
		};
		F9752AD21A49C79300523A8E /* ToDoListTests */ = {
			isa = PBXGroup;
			children = (
				F9752AD51A49C79300523A8E /* ToDoListTests.m */,
				F9752AD31A49C79300523A8E /* Supporting Files */,
			);
			path = ToDoListTests;
			sourceTree = "<group>";
		};
		F9752AD31A49C79300523A8E /* Supporting Files */ = {
			isa = PBXGroup;
			children = (
				F9752AD41A49C79300523A8E /* Info.plist */,
			);
			name = "Supporting Files";
			sourceTree = "<group>";
		};
/* End PBXGroup section */

/* Begin PBXNativeTarget section */
		F9752AB51A49C79300523A8E /* ToDoList */ = {
			isa = PBXNativeTarget;
			buildConfigurationList = F9752AD91A49C79300523A8E /* Build configuration list for PBXNativeTarget "ToDoList" */;
			buildPhases = (
				F9752AB21A49C79300523A8E /* Sources */,
				F9752AB31A49C79300523A8E /* Frameworks */,
				F9752AB41A49C79300523A8E /* Resources */,
			);
			buildRules = (
			);
			dependencies = (
			);
			name = ToDoList;
			productName = ToDoList;
			productReference = F9752AB61A49C79300523A8E /* ToDoList.app */;
			productType = "com.apple.product-type.application";
		};
		F9752ACE1A49C79300523A8E /* ToDoListTests */ = {
			isa = PBXNativeTarget;
			buildConfigurationList = F9752ADC1A49C79300523A8E /* Build configuration list for PBXNativeTarget "ToDoListTests" */;
			buildPhases = (
				F9752ACB1A49C79300523A8E /* Sources */,
				F9752ACC1A49C79300523A8E /* Frameworks */,
				F9752ACD1A49C79300523A8E /* Resources */,
			);
			buildRules = (
			);
			dependencies = (
				F9752AD11A49C79300523A8E /* PBXTargetDependency */,
			);
			name = ToDoListTests;
			productName = ToDoListTests;
			productReference = F9752ACF1A49C79300523A8E /* ToDoListTests.xctest */;
			productType = "com.apple.product-type.bundle.unit-test";
		};
/* End PBXNativeTarget section */

/* Begin PBXProject section */
		F9752AAE1A49C79300523A8E /* Project object */ = {
			isa = PBXProject;
			attributes = {
				LastUpgradeCheck = 0610;
				ORGANIZATIONNAME = "Hector Enrique Gomez Morales";
				TargetAttributes = {
					F9752AB51A49C79300523A8E = {
						CreatedOnToolsVersion = 6.1.1;
					};
					F9752ACE1A49C79300523A8E = {
						CreatedOnToolsVersion = 6.1.1;
						TestTargetID = F9752AB51A49C79300523A8E;
					};
				};
			};
			buildConfigurationList = F9752AB11A49C79300523A8E /* Build configuration list for PBXProject "ToDoList" */;
			compatibilityVersion = "Xcode 3.2";
			developmentRegion = English;
			hasScannedForEncodings = 0;
			knownRegions = (
				en,
				Base,
			);
			mainGroup = F9752AAD1A49C79300523A8E;
			productRefGroup = F9752AB71A49C79300523A8E /* Products */;
			projectDirPath = "";
			projectRoot = "";
			targets = (
				F9752AB51A49C79300523A8E /* ToDoList */,
				F9752ACE1A49C79300523A8E /* ToDoListTests */,
			);
		};
/* End PBXProject section */

/* Begin PBXResourcesBuildPhase section */
		F9752AB41A49C79300523A8E /* Resources */ = {
			isa = PBXResourcesBuildPhase;
			buildActionMask = 2147483647;
			files = (
				F9752AC51A49C79300523A8E /* Main.storyboard in Resources */,
				F9752ACA1A49C79300523A8E /* LaunchScreen.xib in Resources */,
				F9752AC71A49C79300523A8E /* Images.xcassets in Resources */,
			);
			runOnlyForDeploymentPostprocessing = 0;
		};
		F9752ACD1A49C79300523A8E /* Resources */ = {
			isa = PBXResourcesBuildPhase;
			buildActionMask = 2147483647;
			files = (
			);
			runOnlyForDeploymentPostprocessing = 0;
		};
/* End PBXResourcesBuildPhase section */

/* Begin PBXSourcesBuildPhase section */
		F9752AB21A49C79300523A8E /* Sources */ = {
			isa = PBXSourcesBuildPhase;
			buildActionMask = 2147483647;
			files = (
				F9752ABF1A49C79300523A8E /* AppDelegate.m in Sources */,
				F93F1D341A4A5A0C004E774A /* ToDoItem.m in Sources */,
				F959C0281A4A229900951044 /* ToDoListTableViewController.m in Sources */,
				F9752ABC1A49C79300523A8E /* main.m in Sources */,
				F959C0251A4A21F300951044 /* AddToDoItemViewController.m in Sources */,
			);
			runOnlyForDeploymentPostprocessing = 0;
		};
		F9752ACB1A49C79300523A8E /* Sources */ = {
			isa = PBXSourcesBuildPhase;
			buildActionMask = 2147483647;
			files = (
				F9752AD61A49C79300523A8E /* ToDoListTests.m in Sources */,
			);
			runOnlyForDeploymentPostprocessing = 0;
		};
/* End PBXSourcesBuildPhase section */

/* Begin PBXTargetDependency section */
		F9752AD11A49C79300523A8E /* PBXTargetDependency */ = {
			isa = PBXTargetDependency;
			target = F9752AB51A49C79300523A8E /* ToDoList */;
			targetProxy = F9752AD01A49C79300523A8E /* PBXContainerItemProxy */;
		};
/* End PBXTargetDependency section */

/* Begin PBXVariantGroup section */
		F9752AC31A49C79300523A8E /* Main.storyboard */ = {
			isa = PBXVariantGroup;
			children = (
				F9752AC41A49C79300523A8E /* Base */,
			);
			name = Main.storyboard;
			sourceTree = "<group>";
		};
		F9752AC81A49C79300523A8E /* LaunchScreen.xib */ = {
			isa = PBXVariantGroup;
			children = (
				F9752AC91A49C79300523A8E /* Base */,
			);
			name = LaunchScreen.xib;
			sourceTree = "<group>";
		};
/* End PBXVariantGroup section */

/* Begin XCBuildConfiguration section */
		F9752AD71A49C79300523A8E /* Debug */ = {
			isa = XCBuildConfiguration;
			buildSettings = {
				ALWAYS_SEARCH_USER_PATHS = NO;
				CLANG_CXX_LANGUAGE_STANDARD = "gnu++0x";
				CLANG_CXX_LIBRARY = "libc++";
				CLANG_ENABLE_MODULES = YES;
				CLANG_ENABLE_OBJC_ARC = YES;
				CLANG_WARN_BOOL_CONVERSION = YES;
				CLANG_WARN_CONSTANT_CONVERSION = YES;
				CLANG_WARN_DIRECT_OBJC_ISA_USAGE = YES_ERROR;
				CLANG_WARN_EMPTY_BODY = YES;
				CLANG_WARN_ENUM_CONVERSION = YES;
				CLANG_WARN_INT_CONVERSION = YES;
				CLANG_WARN_OBJC_ROOT_CLASS = YES_ERROR;
				CLANG_WARN_UNREACHABLE_CODE = YES;
				CLANG_WARN__DUPLICATE_METHOD_MATCH = YES;
				"CODE_SIGN_IDENTITY[sdk=iphoneos*]" = "iPhone Developer";
				COPY_PHASE_STRIP = NO;
				ENABLE_STRICT_OBJC_MSGSEND = YES;
				GCC_C_LANGUAGE_STANDARD = gnu99;
				GCC_DYNAMIC_NO_PIC = NO;
				GCC_OPTIMIZATION_LEVEL = 0;
				GCC_PREPROCESSOR_DEFINITIONS = (
					"DEBUG=1",
					"$(inherited)",
				);
				GCC_SYMBOLS_PRIVATE_EXTERN = NO;
				GCC_WARN_64_TO_32_BIT_CONVERSION = YES;
				GCC_WARN_ABOUT_RETURN_TYPE = YES_ERROR;
				GCC_WARN_UNDECLARED_SELECTOR = YES;
				GCC_WARN_UNINITIALIZED_AUTOS = YES_AGGRESSIVE;
				GCC_WARN_UNUSED_FUNCTION = YES;
				GCC_WARN_UNUSED_VARIABLE = YES;
				IPHONEOS_DEPLOYMENT_TARGET = 8.1;
				MTL_ENABLE_DEBUG_INFO = YES;
				ONLY_ACTIVE_ARCH = YES;
				SDKROOT = iphoneos;
				TARGETED_DEVICE_FAMILY = "1,2";
			};
			name = Debug;
		};
		F9752AD81A49C79300523A8E /* Release */ = {
			isa = XCBuildConfiguration;
			buildSettings = {
				ALWAYS_SEARCH_USER_PATHS = NO;
				CLANG_CXX_LANGUAGE_STANDARD = "gnu++0x";
				CLANG_CXX_LIBRARY = "libc++";
				CLANG_ENABLE_MODULES = YES;
				CLANG_ENABLE_OBJC_ARC = YES;
				CLANG_WARN_BOOL_CONVERSION = YES;
				CLANG_WARN_CONSTANT_CONVERSION = YES;
				CLANG_WARN_DIRECT_OBJC_ISA_USAGE = YES_ERROR;
				CLANG_WARN_EMPTY_BODY = YES;
				CLANG_WARN_ENUM_CONVERSION = YES;
				CLANG_WARN_INT_CONVERSION = YES;
				CLANG_WARN_OBJC_ROOT_CLASS = YES_ERROR;
				CLANG_WARN_UNREACHABLE_CODE = YES;
				CLANG_WARN__DUPLICATE_METHOD_MATCH = YES;
				"CODE_SIGN_IDENTITY[sdk=iphoneos*]" = "iPhone Developer";
				COPY_PHASE_STRIP = YES;
				ENABLE_NS_ASSERTIONS = NO;
				ENABLE_STRICT_OBJC_MSGSEND = YES;
				GCC_C_LANGUAGE_STANDARD = gnu99;
				GCC_WARN_64_TO_32_BIT_CONVERSION = YES;
				GCC_WARN_ABOUT_RETURN_TYPE = YES_ERROR;
				GCC_WARN_UNDECLARED_SELECTOR = YES;
				GCC_WARN_UNINITIALIZED_AUTOS = YES_AGGRESSIVE;
				GCC_WARN_UNUSED_FUNCTION = YES;
				GCC_WARN_UNUSED_VARIABLE = YES;
				IPHONEOS_DEPLOYMENT_TARGET = 8.1;
				MTL_ENABLE_DEBUG_INFO = NO;
				SDKROOT = iphoneos;
				TARGETED_DEVICE_FAMILY = "1,2";
				VALIDATE_PRODUCT = YES;
			};
			name = Release;
		};
		F9752ADA1A49C79300523A8E /* Debug */ = {
			isa = XCBuildConfiguration;
			buildSettings = {
				ASSETCATALOG_COMPILER_APPICON_NAME = AppIcon;
				INFOPLIST_FILE = ToDoList/Info.plist;
				LD_RUNPATH_SEARCH_PATHS = "$(inherited) @executable_path/Frameworks";
				PRODUCT_NAME = "$(TARGET_NAME)";
			};
			name = Debug;
		};
		F9752ADB1A49C79300523A8E /* Release */ = {
			isa = XCBuildConfiguration;
			buildSettings = {
				ASSETCATALOG_COMPILER_APPICON_NAME = AppIcon;
				INFOPLIST_FILE = ToDoList/Info.plist;
				LD_RUNPATH_SEARCH_PATHS = "$(inherited) @executable_path/Frameworks";
				PRODUCT_NAME = "$(TARGET_NAME)";
			};
			name = Release;
		};
		F9752ADD1A49C79300523A8E /* Debug */ = {
			isa = XCBuildConfiguration;
			buildSettings = {
				BUNDLE_LOADER = "$(TEST_HOST)";
				FRAMEWORK_SEARCH_PATHS = (
					"$(SDKROOT)/Developer/Library/Frameworks",
					"$(inherited)",
				);
				GCC_PREPROCESSOR_DEFINITIONS = (
					"DEBUG=1",
					"$(inherited)",
				);
				INFOPLIST_FILE = ToDoListTests/Info.plist;
				LD_RUNPATH_SEARCH_PATHS = "$(inherited) @executable_path/Frameworks @loader_path/Frameworks";
				PRODUCT_NAME = "$(TARGET_NAME)";
				TEST_HOST = "$(BUILT_PRODUCTS_DIR)/ToDoList.app/ToDoList";
			};
			name = Debug;
		};
		F9752ADE1A49C79300523A8E /* Release */ = {
			isa = XCBuildConfiguration;
			buildSettings = {
				BUNDLE_LOADER = "$(TEST_HOST)";
				FRAMEWORK_SEARCH_PATHS = (
					"$(SDKROOT)/Developer/Library/Frameworks",
					"$(inherited)",
				);
				INFOPLIST_FILE = ToDoListTests/Info.plist;
				LD_RUNPATH_SEARCH_PATHS = "$(inherited) @executable_path/Frameworks @loader_path/Frameworks";
				PRODUCT_NAME = "$(TARGET_NAME)";
				TEST_HOST = "$(BUILT_PRODUCTS_DIR)/ToDoList.app/ToDoList";
			};
			name = Release;
		};
/* End XCBuildConfiguration section */

/* Begin XCConfigurationList section */
		F9752AB11A49C79300523A8E /* Build configuration list for PBXProject "ToDoList" */ = {
			isa = XCConfigurationList;
			buildConfigurations = (
				F9752AD71A49C79300523A8E /* Debug */,
				F9752AD81A49C79300523A8E /* Release */,
			);
			defaultConfigurationIsVisible = 0;
			defaultConfigurationName = Release;
		};
		F9752AD91A49C79300523A8E /* Build configuration list for PBXNativeTarget "ToDoList" */ = {
			isa = XCConfigurationList;
			buildConfigurations = (
				F9752ADA1A49C79300523A8E /* Debug */,
				F9752ADB1A49C79300523A8E /* Release */,
			);
			defaultConfigurationIsVisible = 0;
			defaultConfigurationName = Release;
		};
		F9752ADC1A49C79300523A8E /* Build configuration list for PBXNativeTarget "ToDoListTests" */ = {
			isa = XCConfigurationList;
			buildConfigurations = (
				F9752ADD1A49C79300523A8E /* Debug */,
				F9752ADE1A49C79300523A8E /* Release */,
			);
			defaultConfigurationIsVisible = 0;
			defaultConfigurationName = Release;
		};
/* End XCConfigurationList section */
	};
	rootObject = F9752AAE1A49C79300523A8E /* Project object */;
}
